
Microsoft Visual Studio Solution File, Format Version 12.00
# Visual Studio Version 16
VisualStudioVersion = 16.0.29613.14
MinimumVisualStudioVersion = 10.0.40219.1
Project("{FAE04EC0-301F-11D3-BF4B-00C04F79EFBC}") = "KolokwiumP", "KolokwiumP\KolokwiumP.csproj", "{80A7777A-D9AF-4325-AC8D-6009595E0538}"
EndProject
Global
	GlobalSection(SolutionConfigurationPlatforms) = preSolution
		Debug|Any CPU = Debug|Any CPU
		Release|Any CPU = Release|Any CPU
	EndGlobalSection
	GlobalSection(ProjectConfigurationPlatforms) = postSolution
		{80A7777A-D9AF-4325-AC8D-6009595E0538}.Debug|Any CPU.ActiveCfg = Debug|Any CPU
		{80A7777A-D9AF-4325-AC8D-6009595E0538}.Debug|Any CPU.Build.0 = Debug|Any CPU
		{80A7777A-D9AF-4325-AC8D-6009595E0538}.Release|Any CPU.ActiveCfg = Release|Any CPU
		{80A7777A-D9AF-4325-AC8D-6009595E0538}.Release|Any CPU.Build.0 = Release|Any CPU
	EndGlobalSection
	GlobalSection(SolutionProperties) = preSolution
		HideSolutionNode = FALSE
	EndGlobalSection
	GlobalSection(ExtensibilityGlobals) = postSolution
		SolutionGuid = {C0AB01A9-E4C5-414F-AE42-B247D8E5836B}
	EndGlobalSection
EndGlobal
